<?xml version="1.0" encoding="utf-8"?>
<Project ToolsVersion="4.0" xmlns="http://schemas.microsoft.com/developer/msbuild/2003">
  <ItemGroup>
    <Filter Include="Source Files">
      <UniqueIdentifier>{4FC737F1-C7A5-4376-A066-2A32D752A2FF}</UniqueIdentifier>
      <Extensions>cpp;c;cc;cxx;c++;def;odl;idl;hpj;bat;asm;asmx</Extensions>
    </Filter>
    <Filter Include="Header Files">
      <UniqueIdentifier>{93995380-89BD-4b04-88EB-625FBE52EBFB}</UniqueIdentifier>
      <Extensions>h;hh;hpp;hxx;h++;hm;inl;inc;ipp;xsd</Extensions>
    </Filter>
    <Filter Include="Resource Files">
      <UniqueIdentifier>{67DA6AB6-F800-4c08-8B7A-83BB121AAD01}</UniqueIdentifier>
      <Extensions>rc;ico;cur;bmp;dlg;rc2;rct;bin;rgs;gif;jpg;jpeg;jpe;resx;tiff;tif;png;wav;mfcribbon-ms</Extensions>
    </Filter>
  </ItemGroup>
  <ItemGroup>
    <ClCompile Include="Memory\Allocators\StackAllocator.cpp">
      <Filter>Source Files</Filter>
    </ClCompile>
    <ClCompile Include="Logging\ConsoleLogger.cpp">
      <Filter>Source Files</Filter>
    </ClCompile>
    <ClCompile Include="Logging\Platform\Windows\Win32ConsoleLoggerAdapter.cpp">
      <Filter>Source Files</Filter>
    </ClCompile>
    <ClCompile Include="Time\CalenderClock.cpp">
      <Filter>Source Files</Filter>
    </ClCompile>
    <ClCompile Include="Time\Clock.cpp">
      <Filter>Source Files</Filter>
    </ClCompile>
    <ClCompile Include="Time\StopWatch.cpp">
      <Filter>Source Files</Filter>
    </ClCompile>
    <ClCompile Include="Time\Timer.cpp">
      <Filter>Source Files</Filter>
    </ClCompile>
    <ClCompile Include="main.cpp">
      <Filter>Source Files</Filter>
    </ClCompile>
  </ItemGroup>
  <ItemGroup>
    <ClInclude Include="engine.hpp">
      <Filter>Header Files</Filter>
    </ClInclude>
    <ClInclude Include="Common\base_types.hpp">
      <Filter>Header Files</Filter>
    </ClInclude>
    <ClInclude Include="Memory\Allocators\IAllocator.hpp">
      <Filter>Header Files</Filter>
    </ClInclude>
    <ClInclude Include="Memory\Allocators\StackAllocator.hpp">
      <Filter>Header Files</Filter>
    </ClInclude>
    <ClInclude Include="Memory\memory_literals.hpp">
      <Filter>Header Files</Filter>
    </ClInclude>
    <ClInclude Include="Memory\Allocators\allocator_utilities.hpp">
      <Filter>Header Files</Filter>
    </ClInclude>
    <ClInclude Include="Logging\LoggingLevel.hpp">
      <Filter>Header Files</Filter>
    </ClInclude>
    <ClInclude Include="Logging\ConsoleLogger.hpp">
      <Filter>Header Files</Filter>
    </ClInclude>
    <ClInclude Include="DesignPatterns\ServiceLocator.hpp">
      <Filter>Header Files</Filter>
    </ClInclude>
    <ClInclude Include="Logging\IConsoleLoggerAdapter.hpp">
      <Filter>Header Files</Filter>
    </ClInclude>
    <ClInclude Include="Logging\Platform\Windows\Win32ConsoleLoggerAdapter.hpp">
      <Filter>Header Files</Filter>
    </ClInclude>
    <ClInclude Include="Time\Timer.hpp">
      <Filter>Header Files</Filter>
    </ClInclude>
    <ClInclude Include="Time\CalenderClock.hpp">
      <Filter>Header Files</Filter>
    </ClInclude>
    <ClInclude Include="Time\Clock.hpp">
      <Filter>Header Files</Filter>
    </ClInclude>
    <ClInclude Include="Time\StopWatch.hpp">
      <Filter>Header Files</Filter>
    </ClInclude>
  </ItemGroup>
</Project>